
Microsoft Visual Studio Solution File, Format Version 10.00
# Visual Studio 2008
Project("{8BC9CEB8-8B4A-11D0-8D11-00A0C91BC942}") = "Common", "Source\Common\Common.vcproj", "{57DA3928-685B-452D-9DBF-3A9E8EBFB6E7}"
	ProjectSection(ProjectDependencies) = postProject
		{81CE8DAF-EBB2-4761-8E45-B71ABCCA8C68} = {81CE8DAF-EBB2-4761-8E45-B71ABCCA8C68}
		{DA956FD3-E142-46F2-9DD5-C78BEBB56B7A} = {DA956FD3-E142-46F2-9DD5-C78BEBB56B7A}
	EndProjectSection
EndProject
Project("{8BC9CEB8-8B4A-11D0-8D11-00A0C91BC942}") = "Math", "Source\Math\Math.vcproj", "{2D243A21-A966-41A5-BE35-94302B462FD7}"
EndProject
Project("{8BC9CEB8-8B4A-11D0-8D11-00A0C91BC942}") = "Test", "Source\Test\Test.vcproj", "{85F8AABD-07BD-4833-98D0-343863F80631}"
	ProjectSection(ProjectDependencies) = postProject
		{B6C53F1E-A74E-4881-994C-0BD34E8801E6} = {B6C53F1E-A74E-4881-994C-0BD34E8801E6}
		{2D243A21-A966-41A5-BE35-94302B462FD7} = {2D243A21-A966-41A5-BE35-94302B462FD7}
		{57DA3928-685B-452D-9DBF-3A9E8EBFB6E7} = {57DA3928-685B-452D-9DBF-3A9E8EBFB6E7}
		{81CE8DAF-EBB2-4761-8E45-B71ABCCA8C68} = {81CE8DAF-EBB2-4761-8E45-B71ABCCA8C68}
		{2A049CCD-C346-400E-B5A1-BF26D96B124E} = {2A049CCD-C346-400E-B5A1-BF26D96B124E}
		{DA956FD3-E142-46F2-9DD5-C78BEBB56B7A} = {DA956FD3-E142-46F2-9DD5-C78BEBB56B7A}
		{840DAEDD-BE91-4D99-B0F7-3C61AC788724} = {840DAEDD-BE91-4D99-B0F7-3C61AC788724}
		{1C76E9FC-DE1F-456B-8562-9C9F1A4739E1} = {1C76E9FC-DE1F-456B-8562-9C9F1A4739E1}
	EndProjectSection
EndProject
Project("{8BC9CEB8-8B4A-11D0-8D11-00A0C91BC942}") = "SDL", "Source\3rdparty\SDL\VisualC\SDL\SDL.vcproj", "{81CE8DAF-EBB2-4761-8E45-B71ABCCA8C68}"
EndProject
Project("{8BC9CEB8-8B4A-11D0-8D11-00A0C91BC942}") = "SDLmain", "Source\3rdparty\SDL\VisualC\SDLmain\SDLmain.vcproj", "{DA956FD3-E142-46F2-9DD5-C78BEBB56B7A}"
	ProjectSection(ProjectDependencies) = postProject
		{81CE8DAF-EBB2-4761-8E45-B71ABCCA8C68} = {81CE8DAF-EBB2-4761-8E45-B71ABCCA8C68}
	EndProjectSection
EndProject
Project("{8BC9CEB8-8B4A-11D0-8D11-00A0C91BC942}") = "Graphics", "Source\Graphics\Graphics.vcproj", "{1C76E9FC-DE1F-456B-8562-9C9F1A4739E1}"
	ProjectSection(ProjectDependencies) = postProject
		{98884911-2B7F-45C7-B0FD-CB909E8CB7C1} = {98884911-2B7F-45C7-B0FD-CB909E8CB7C1}
		{2D243A21-A966-41A5-BE35-94302B462FD7} = {2D243A21-A966-41A5-BE35-94302B462FD7}
		{57DA3928-685B-452D-9DBF-3A9E8EBFB6E7} = {57DA3928-685B-452D-9DBF-3A9E8EBFB6E7}
		{A4563D37-173F-4459-BDC5-9F42992AEF45} = {A4563D37-173F-4459-BDC5-9F42992AEF45}
		{0F088168-B0B4-4350-9E6A-7FB271C76D39} = {0F088168-B0B4-4350-9E6A-7FB271C76D39}
	EndProjectSection
EndProject
Project("{8BC9CEB8-8B4A-11D0-8D11-00A0C91BC942}") = "World", "Source\World\World.vcproj", "{840DAEDD-BE91-4D99-B0F7-3C61AC788724}"
EndProject
Project("{8BC9CEB8-8B4A-11D0-8D11-00A0C91BC942}") = "Physics", "Source\Physics\Physics.vcproj", "{B6C53F1E-A74E-4881-994C-0BD34E8801E6}"
	ProjectSection(ProjectDependencies) = postProject
		{2D243A21-A966-41A5-BE35-94302B462FD7} = {2D243A21-A966-41A5-BE35-94302B462FD7}
		{57DA3928-685B-452D-9DBF-3A9E8EBFB6E7} = {57DA3928-685B-452D-9DBF-3A9E8EBFB6E7}
		{840DAEDD-BE91-4D99-B0F7-3C61AC788724} = {840DAEDD-BE91-4D99-B0F7-3C61AC788724}
	EndProjectSection
EndProject
Project("{8BC9CEB8-8B4A-11D0-8D11-00A0C91BC942}") = "jpeglib", "Source\3rdparty\jpeglib\jpeglib.vcproj", "{B3A894F1-C2E8-488D-80F2-C868274FF678}"
EndProject
Project("{8BC9CEB8-8B4A-11D0-8D11-00A0C91BC942}") = "libpng", "Source\3rdparty\libpng\libpng.vcproj", "{AE331C68-0FEE-43F3-A105-F6AA8DE5A008}"
	ProjectSection(ProjectDependencies) = postProject
		{57DA3928-685B-452D-9DBF-3A9E8EBFB6E7} = {57DA3928-685B-452D-9DBF-3A9E8EBFB6E7}
	EndProjectSection
EndProject
Project("{2150E333-8FDC-42A3-9474-1A3956D46DE8}") = "3rdparty", "3rdparty", "{3BD9958B-A3B7-4A71-923E-C64FC093D799}"
EndProject
Project("{8BC9CEB8-8B4A-11D0-8D11-00A0C91BC942}") = "IL", "Source\3rdparty\DevIL\src-IL\msvc\IL.vcproj", "{0F088168-B0B4-4350-9E6A-7FB271C76D39}"
	ProjectSection(ProjectDependencies) = postProject
		{AE331C68-0FEE-43F3-A105-F6AA8DE5A008} = {AE331C68-0FEE-43F3-A105-F6AA8DE5A008}
		{B3A894F1-C2E8-488D-80F2-C868274FF678} = {B3A894F1-C2E8-488D-80F2-C868274FF678}
	EndProjectSection
EndProject
Project("{8BC9CEB8-8B4A-11D0-8D11-00A0C91BC942}") = "ILU", "Source\3rdparty\DevIL\src-ILU\msvc\ILU.vcproj", "{98884911-2B7F-45C7-B0FD-CB909E8CB7C1}"
	ProjectSection(ProjectDependencies) = postProject
		{0F088168-B0B4-4350-9E6A-7FB271C76D39} = {0F088168-B0B4-4350-9E6A-7FB271C76D39}
	EndProjectSection
EndProject
Project("{8BC9CEB8-8B4A-11D0-8D11-00A0C91BC942}") = "ILUT", "Source\3rdparty\DevIL\src-ILUT\msvc\ILUT.vcproj", "{A4563D37-173F-4459-BDC5-9F42992AEF45}"
	ProjectSection(ProjectDependencies) = postProject
		{98884911-2B7F-45C7-B0FD-CB909E8CB7C1} = {98884911-2B7F-45C7-B0FD-CB909E8CB7C1}
		{0F088168-B0B4-4350-9E6A-7FB271C76D39} = {0F088168-B0B4-4350-9E6A-7FB271C76D39}
	EndProjectSection
EndProject
Project("{8BC9CEB8-8B4A-11D0-8D11-00A0C91BC942}") = "Terrain", "Source\Terrain\Terrain.vcproj", "{2A049CCD-C346-400E-B5A1-BF26D96B124E}"
EndProject
Global
	GlobalSection(SolutionConfigurationPlatforms) = preSolution
		Debug|Win32 = Debug|Win32
		Release|Win32 = Release|Win32
	EndGlobalSection
	GlobalSection(ProjectConfigurationPlatforms) = postSolution
		{57DA3928-685B-452D-9DBF-3A9E8EBFB6E7}.Debug|Win32.ActiveCfg = Debug|Win32
		{57DA3928-685B-452D-9DBF-3A9E8EBFB6E7}.Debug|Win32.Build.0 = Debug|Win32
		{57DA3928-685B-452D-9DBF-3A9E8EBFB6E7}.Release|Win32.ActiveCfg = Release|Win32
		{57DA3928-685B-452D-9DBF-3A9E8EBFB6E7}.Release|Win32.Build.0 = Release|Win32
		{2D243A21-A966-41A5-BE35-94302B462FD7}.Debug|Win32.ActiveCfg = Debug|Win32
		{2D243A21-A966-41A5-BE35-94302B462FD7}.Debug|Win32.Build.0 = Debug|Win32
		{2D243A21-A966-41A5-BE35-94302B462FD7}.Release|Win32.ActiveCfg = Release|Win32
		{2D243A21-A966-41A5-BE35-94302B462FD7}.Release|Win32.Build.0 = Release|Win32
		{85F8AABD-07BD-4833-98D0-343863F80631}.Debug|Win32.ActiveCfg = Debug|Win32
		{85F8AABD-07BD-4833-98D0-343863F80631}.Debug|Win32.Build.0 = Debug|Win32
		{85F8AABD-07BD-4833-98D0-343863F80631}.Release|Win32.ActiveCfg = Release|Win32
		{85F8AABD-07BD-4833-98D0-343863F80631}.Release|Win32.Build.0 = Release|Win32
		{81CE8DAF-EBB2-4761-8E45-B71ABCCA8C68}.Debug|Win32.ActiveCfg = Debug|Win32
		{81CE8DAF-EBB2-4761-8E45-B71ABCCA8C68}.Debug|Win32.Build.0 = Debug|Win32
		{81CE8DAF-EBB2-4761-8E45-B71ABCCA8C68}.Release|Win32.ActiveCfg = Release|Win32
		{81CE8DAF-EBB2-4761-8E45-B71ABCCA8C68}.Release|Win32.Build.0 = Release|Win32
		{DA956FD3-E142-46F2-9DD5-C78BEBB56B7A}.Debug|Win32.ActiveCfg = Debug|Win32
		{DA956FD3-E142-46F2-9DD5-C78BEBB56B7A}.Debug|Win32.Build.0 = Debug|Win32
		{DA956FD3-E142-46F2-9DD5-C78BEBB56B7A}.Release|Win32.ActiveCfg = Release|Win32
		{DA956FD3-E142-46F2-9DD5-C78BEBB56B7A}.Release|Win32.Build.0 = Release|Win32
		{1C76E9FC-DE1F-456B-8562-9C9F1A4739E1}.Debug|Win32.ActiveCfg = Debug|Win32
		{1C76E9FC-DE1F-456B-8562-9C9F1A4739E1}.Debug|Win32.Build.0 = Debug|Win32
		{1C76E9FC-DE1F-456B-8562-9C9F1A4739E1}.Release|Win32.ActiveCfg = Release|Win32
		{1C76E9FC-DE1F-456B-8562-9C9F1A4739E1}.Release|Win32.Build.0 = Release|Win32
		{840DAEDD-BE91-4D99-B0F7-3C61AC788724}.Debug|Win32.ActiveCfg = Debug|Win32
		{840DAEDD-BE91-4D99-B0F7-3C61AC788724}.Debug|Win32.Build.0 = Debug|Win32
		{840DAEDD-BE91-4D99-B0F7-3C61AC788724}.Release|Win32.ActiveCfg = Release|Win32
		{840DAEDD-BE91-4D99-B0F7-3C61AC788724}.Release|Win32.Build.0 = Release|Win32
		{B6C53F1E-A74E-4881-994C-0BD34E8801E6}.Debug|Win32.ActiveCfg = Debug|Win32
		{B6C53F1E-A74E-4881-994C-0BD34E8801E6}.Debug|Win32.Build.0 = Debug|Win32
		{B6C53F1E-A74E-4881-994C-0BD34E8801E6}.Release|Win32.ActiveCfg = Release|Win32
		{B6C53F1E-A74E-4881-994C-0BD34E8801E6}.Release|Win32.Build.0 = Release|Win32
		{B3A894F1-C2E8-488D-80F2-C868274FF678}.Debug|Win32.ActiveCfg = Debug|Win32
		{B3A894F1-C2E8-488D-80F2-C868274FF678}.Debug|Win32.Build.0 = Debug|Win32
		{B3A894F1-C2E8-488D-80F2-C868274FF678}.Release|Win32.ActiveCfg = Release|Win32
		{B3A894F1-C2E8-488D-80F2-C868274FF678}.Release|Win32.Build.0 = Release|Win32
		{AE331C68-0FEE-43F3-A105-F6AA8DE5A008}.Debug|Win32.ActiveCfg = Debug|Win32
		{AE331C68-0FEE-43F3-A105-F6AA8DE5A008}.Debug|Win32.Build.0 = Debug|Win32
		{AE331C68-0FEE-43F3-A105-F6AA8DE5A008}.Release|Win32.ActiveCfg = Release|Win32
		{AE331C68-0FEE-43F3-A105-F6AA8DE5A008}.Release|Win32.Build.0 = Release|Win32
		{0F088168-B0B4-4350-9E6A-7FB271C76D39}.Debug|Win32.ActiveCfg = Debug|Win32
		{0F088168-B0B4-4350-9E6A-7FB271C76D39}.Debug|Win32.Build.0 = Debug|Win32
		{0F088168-B0B4-4350-9E6A-7FB271C76D39}.Release|Win32.ActiveCfg = Release|Win32
		{0F088168-B0B4-4350-9E6A-7FB271C76D39}.Release|Win32.Build.0 = Release|Win32
		{98884911-2B7F-45C7-B0FD-CB909E8CB7C1}.Debug|Win32.ActiveCfg = Debug|Win32
		{98884911-2B7F-45C7-B0FD-CB909E8CB7C1}.Debug|Win32.Build.0 = Debug|Win32
		{98884911-2B7F-45C7-B0FD-CB909E8CB7C1}.Release|Win32.ActiveCfg = Release|Win32
		{98884911-2B7F-45C7-B0FD-CB909E8CB7C1}.Release|Win32.Build.0 = Release|Win32
		{A4563D37-173F-4459-BDC5-9F42992AEF45}.Debug|Win32.ActiveCfg = Debug|Win32
		{A4563D37-173F-4459-BDC5-9F42992AEF45}.Debug|Win32.Build.0 = Debug|Win32
		{A4563D37-173F-4459-BDC5-9F42992AEF45}.Release|Win32.ActiveCfg = Release|Win32
		{A4563D37-173F-4459-BDC5-9F42992AEF45}.Release|Win32.Build.0 = Release|Win32
		{2A049CCD-C346-400E-B5A1-BF26D96B124E}.Debug|Win32.ActiveCfg = Debug|Win32
		{2A049CCD-C346-400E-B5A1-BF26D96B124E}.Debug|Win32.Build.0 = Debug|Win32
		{2A049CCD-C346-400E-B5A1-BF26D96B124E}.Release|Win32.ActiveCfg = Release|Win32
		{2A049CCD-C346-400E-B5A1-BF26D96B124E}.Release|Win32.Build.0 = Release|Win32
	EndGlobalSection
	GlobalSection(SolutionProperties) = preSolution
		HideSolutionNode = FALSE
	EndGlobalSection
	GlobalSection(NestedProjects) = preSolution
		{B3A894F1-C2E8-488D-80F2-C868274FF678} = {3BD9958B-A3B7-4A71-923E-C64FC093D799}
		{AE331C68-0FEE-43F3-A105-F6AA8DE5A008} = {3BD9958B-A3B7-4A71-923E-C64FC093D799}
		{81CE8DAF-EBB2-4761-8E45-B71ABCCA8C68} = {3BD9958B-A3B7-4A71-923E-C64FC093D799}
		{DA956FD3-E142-46F2-9DD5-C78BEBB56B7A} = {3BD9958B-A3B7-4A71-923E-C64FC093D799}
		{0F088168-B0B4-4350-9E6A-7FB271C76D39} = {3BD9958B-A3B7-4A71-923E-C64FC093D799}
		{98884911-2B7F-45C7-B0FD-CB909E8CB7C1} = {3BD9958B-A3B7-4A71-923E-C64FC093D799}
		{A4563D37-173F-4459-BDC5-9F42992AEF45} = {3BD9958B-A3B7-4A71-923E-C64FC093D799}
	EndGlobalSection
EndGlobal
